
Microsoft Visual Studio Solution File, Format Version 12.00
# Visual Studio Version 17
VisualStudioVersion = 17.5.002.0
MinimumVisualStudioVersion = 10.0.40219.1
Project("{9A19103F-16F7-4668-BE54-9A1E7A4F7556}") = "OOPPrinciplesApp2", "OOPPrinciplesApp2.csproj", "{3878342E-0A62-4AE0-A2EC-E1C77CECF8E8}"
EndProject
Global
	GlobalSection(SolutionConfigurationPlatforms) = preSolution
		Debug|Any CPU = Debug|Any CPU
		Release|Any CPU = Release|Any CPU
	EndGlobalSection
	GlobalSection(ProjectConfigurationPlatforms) = postSolution
		{3878342E-0A62-4AE0-A2EC-E1C77CECF8E8}.Debug|Any CPU.ActiveCfg = Debug|Any CPU
		{3878342E-0A62-4AE0-A2EC-E1C77CECF8E8}.Debug|Any CPU.Build.0 = Debug|Any CPU
		{3878342E-0A62-4AE0-A2EC-E1C77CECF8E8}.Release|Any CPU.ActiveCfg = Release|Any CPU
		{3878342E-0A62-4AE0-A2EC-E1C77CECF8E8}.Release|Any CPU.Build.0 = Release|Any CPU
	EndGlobalSection
	GlobalSection(SolutionProperties) = preSolution
		HideSolutionNode = FALSE
	EndGlobalSection
	GlobalSection(ExtensibilityGlobals) = postSolution
		SolutionGuid = {86635EEC-5321-42FA-9C8A-AB70B5B7F926}
	EndGlobalSection
EndGlobal
