
Microsoft Visual Studio Solution File, Format Version 12.00
# Visual Studio Version 17
VisualStudioVersion = 17.5.002.0
MinimumVisualStudioVersion = 10.0.40219.1
Project("{9A19103F-16F7-4668-BE54-9A1E7A4F7556}") = "OOPBasicsApp", "OOPBasicsApp.csproj", "{D7BFA0B5-871B-4C36-9E56-7183698942A2}"
EndProject
Global
	GlobalSection(SolutionConfigurationPlatforms) = preSolution
		Debug|Any CPU = Debug|Any CPU
		Release|Any CPU = Release|Any CPU
	EndGlobalSection
	GlobalSection(ProjectConfigurationPlatforms) = postSolution
		{D7BFA0B5-871B-4C36-9E56-7183698942A2}.Debug|Any CPU.ActiveCfg = Debug|Any CPU
		{D7BFA0B5-871B-4C36-9E56-7183698942A2}.Debug|Any CPU.Build.0 = Debug|Any CPU
		{D7BFA0B5-871B-4C36-9E56-7183698942A2}.Release|Any CPU.ActiveCfg = Release|Any CPU
		{D7BFA0B5-871B-4C36-9E56-7183698942A2}.Release|Any CPU.Build.0 = Release|Any CPU
	EndGlobalSection
	GlobalSection(SolutionProperties) = preSolution
		HideSolutionNode = FALSE
	EndGlobalSection
	GlobalSection(ExtensibilityGlobals) = postSolution
		SolutionGuid = {2C945EC1-4AFD-490D-A38E-A66CD4458F78}
	EndGlobalSection
EndGlobal
